// !$*UTF8*$!
{
	archiveVersion = 1;
	classes = {
	};
	objectVersion = 56;
	objects = {

/* Begin PBXBuildFile section */
		DE32F9BF2AB3FF2100E09060 /* IQAirApp.swift in Sources */ = {isa = PBXBuildFile; fileRef = DE32F9BE2AB3FF2100E09060 /* IQAirApp.swift */; };
		DE32F9C12AB3FF2100E09060 /* ContentView.swift in Sources */ = {isa = PBXBuildFile; fileRef = DE32F9C02AB3FF2100E09060 /* ContentView.swift */; };
		DE32F9C32AB3FF2200E09060 /* Assets.xcassets in Resources */ = {isa = PBXBuildFile; fileRef = DE32F9C22AB3FF2200E09060 /* Assets.xcassets */; };
		DE32F9C62AB3FF2200E09060 /* Preview Assets.xcassets in Resources */ = {isa = PBXBuildFile; fileRef = DE32F9C52AB3FF2200E09060 /* Preview Assets.xcassets */; };
		DE32F9CE2AB402C100E09060 /* LocationManager.swift in Sources */ = {isa = PBXBuildFile; fileRef = DE32F9CD2AB402C100E09060 /* LocationManager.swift */; };
		DE32F9D12AB4088200E09060 /* WelcomeView.swift in Sources */ = {isa = PBXBuildFile; fileRef = DE32F9D02AB4088100E09060 /* WelcomeView.swift */; };
		DE32F9D32AB4101600E09060 /* LoadingView.swift in Sources */ = {isa = PBXBuildFile; fileRef = DE32F9D22AB4101600E09060 /* LoadingView.swift */; };
		DE33F4F92AB4CEC2002892F4 /* WeatherManager.swift in Sources */ = {isa = PBXBuildFile; fileRef = DE33F4F82AB4CEC2002892F4 /* WeatherManager.swift */; };
		DE33F4FB2AB56B3D002892F4 /* WeatherView.swift in Sources */ = {isa = PBXBuildFile; fileRef = DE33F4FA2AB56B3D002892F4 /* WeatherView.swift */; };
		DE33F4FD2AB56C02002892F4 /* ModelData.swift in Sources */ = {isa = PBXBuildFile; fileRef = DE33F4FC2AB56C02002892F4 /* ModelData.swift */; };
		DE33F5012AB56FE6002892F4 /* Extensions.swift in Sources */ = {isa = PBXBuildFile; fileRef = DE33F5002AB56FE6002892F4 /* Extensions.swift */; };
		DEA5CD952AB5EE690060FBE6 /* weatherData.json in Resources */ = {isa = PBXBuildFile; fileRef = DEA5CD942AB5EE690060FBE6 /* weatherData.json */; };
		DEA5CD972AB6132B0060FBE6 /* Preview Content in Resources */ = {isa = PBXBuildFile; fileRef = DEA5CD962AB6132B0060FBE6 /* Preview Content */; };
/* End PBXBuildFile section */

/* Begin PBXFileReference section */
		DE32F9BB2AB3FF2100E09060 /* IQAir.app */ = {isa = PBXFileReference; explicitFileType = wrapper.application; includeInIndex = 0; path = IQAir.app; sourceTree = BUILT_PRODUCTS_DIR; };
		DE32F9BE2AB3FF2100E09060 /* IQAirApp.swift */ = {isa = PBXFileReference; lastKnownFileType = sourcecode.swift; path = IQAirApp.swift; sourceTree = "<group>"; };
		DE32F9C02AB3FF2100E09060 /* ContentView.swift */ = {isa = PBXFileReference; lastKnownFileType = sourcecode.swift; path = ContentView.swift; sourceTree = "<group>"; };
		DE32F9C22AB3FF2200E09060 /* Assets.xcassets */ = {isa = PBXFileReference; lastKnownFileType = folder.assetcatalog; path = Assets.xcassets; sourceTree = "<group>"; };
		DE32F9C52AB3FF2200E09060 /* Preview Assets.xcassets */ = {isa = PBXFileReference; lastKnownFileType = folder.assetcatalog; path = "Preview Assets.xcassets"; sourceTree = "<group>"; };
		DE32F9CD2AB402C100E09060 /* LocationManager.swift */ = {isa = PBXFileReference; lastKnownFileType = sourcecode.swift; path = LocationManager.swift; sourceTree = "<group>"; };
		DE32F9D02AB4088100E09060 /* WelcomeView.swift */ = {isa = PBXFileReference; lastKnownFileType = sourcecode.swift; path = WelcomeView.swift; sourceTree = "<group>"; };
		DE32F9D22AB4101600E09060 /* LoadingView.swift */ = {isa = PBXFileReference; lastKnownFileType = sourcecode.swift; path = LoadingView.swift; sourceTree = "<group>"; };
		DE33F4F82AB4CEC2002892F4 /* WeatherManager.swift */ = {isa = PBXFileReference; lastKnownFileType = sourcecode.swift; path = WeatherManager.swift; sourceTree = "<group>"; };
		DE33F4FA2AB56B3D002892F4 /* WeatherView.swift */ = {isa = PBXFileReference; lastKnownFileType = sourcecode.swift; path = WeatherView.swift; sourceTree = "<group>"; };
		DE33F4FC2AB56C02002892F4 /* ModelData.swift */ = {isa = PBXFileReference; lastKnownFileType = sourcecode.swift; path = ModelData.swift; sourceTree = "<group>"; };
		DE33F5002AB56FE6002892F4 /* Extensions.swift */ = {isa = PBXFileReference; lastKnownFileType = sourcecode.swift; path = Extensions.swift; sourceTree = "<group>"; };
		DEA5CD942AB5EE690060FBE6 /* weatherData.json */ = {isa = PBXFileReference; fileEncoding = 4; lastKnownFileType = text.json; path = weatherData.json; sourceTree = "<group>"; };
		DEA5CD962AB6132B0060FBE6 /* Preview Content */ = {isa = PBXFileReference; lastKnownFileType = folder; name = "Preview Content"; sourceTree = "<group>"; };
/* End PBXFileReference section */

/* Begin PBXFrameworksBuildPhase section */
		DE32F9B82AB3FF2100E09060 /* Frameworks */ = {
			isa = PBXFrameworksBuildPhase;
			buildActionMask = 2147483647;
			files = (
			);
			runOnlyForDeploymentPostprocessing = 0;
		};
/* End PBXFrameworksBuildPhase section */

/* Begin PBXGroup section */
		DE32F9B22AB3FF2100E09060 = {
			isa = PBXGroup;
			children = (
				DE32F9BD2AB3FF2100E09060 /* IQAir */,
				DE32F9BC2AB3FF2100E09060 /* Products */,
			);
			sourceTree = "<group>";
		};
		DE32F9BC2AB3FF2100E09060 /* Products */ = {
			isa = PBXGroup;
			children = (
				DE32F9BB2AB3FF2100E09060 /* IQAir.app */,
			);
			name = Products;
			sourceTree = "<group>";
		};
		DE32F9BD2AB3FF2100E09060 /* IQAir */ = {
			isa = PBXGroup;
			children = (
				DE32F9CF2AB405D400E09060 /* Views */,
				DE32F9BE2AB3FF2100E09060 /* IQAirApp.swift */,
				DE32F9CC2AB402AB00E09060 /* Managers */,
				DE32F9C22AB3FF2200E09060 /* Assets.xcassets */,
				DE32F9C42AB3FF2200E09060 /* Preview Content */,
			);
			path = IQAir;
			sourceTree = "<group>";
		};
		DE32F9C42AB3FF2200E09060 /* Preview Content */ = {
			isa = PBXGroup;
			children = (
				DE32F9C52AB3FF2200E09060 /* Preview Assets.xcassets */,
				DE33F4FC2AB56C02002892F4 /* ModelData.swift */,
				DEA5CD942AB5EE690060FBE6 /* weatherData.json */,
				DEA5CD962AB6132B0060FBE6 /* Preview Content */,
			);
			path = "Preview Content";
			sourceTree = "<group>";
		};
		DE32F9CC2AB402AB00E09060 /* Managers */ = {
			isa = PBXGroup;
			children = (
				DE32F9CD2AB402C100E09060 /* LocationManager.swift */,
				DE33F4F82AB4CEC2002892F4 /* WeatherManager.swift */,
				DE33F5002AB56FE6002892F4 /* Extensions.swift */,
			);
			path = Managers;
			sourceTree = "<group>";
		};
		DE32F9CF2AB405D400E09060 /* Views */ = {
			isa = PBXGroup;
			children = (
				DE32F9C02AB3FF2100E09060 /* ContentView.swift */,
				DE32F9D02AB4088100E09060 /* WelcomeView.swift */,
				DE32F9D22AB4101600E09060 /* LoadingView.swift */,
				DE33F4FA2AB56B3D002892F4 /* WeatherView.swift */,
			);
			path = Views;
			sourceTree = "<group>";
		};
/* End PBXGroup section */

/* Begin PBXNativeTarget section */
		DE32F9BA2AB3FF2100E09060 /* IQAir */ = {
			isa = PBXNativeTarget;
			buildConfigurationList = DE32F9C92AB3FF2200E09060 /* Build configuration list for PBXNativeTarget "IQAir" */;
			buildPhases = (
				DE32F9B72AB3FF2100E09060 /* Sources */,
				DE32F9B82AB3FF2100E09060 /* Frameworks */,
				DE32F9B92AB3FF2100E09060 /* Resources */,
			);
			buildRules = (
			);
			dependencies = (
			);
			name = IQAir;
			productName = IQAir;
			productReference = DE32F9BB2AB3FF2100E09060 /* IQAir.app */;
			productType = "com.apple.product-type.application";
		};
/* End PBXNativeTarget section */

/* Begin PBXProject section */
		DE32F9B32AB3FF2100E09060 /* Project object */ = {
			isa = PBXProject;
			attributes = {
				BuildIndependentTargetsInParallel = 1;
				LastSwiftUpdateCheck = 1430;
				LastUpgradeCheck = 1430;
				TargetAttributes = {
					DE32F9BA2AB3FF2100E09060 = {
						CreatedOnToolsVersion = 14.3.1;
					};
				};
			};
			buildConfigurationList = DE32F9B62AB3FF2100E09060 /* Build configuration list for PBXProject "IQAir" */;
			compatibilityVersion = "Xcode 14.0";
			developmentRegion = en;
			hasScannedForEncodings = 0;
			knownRegions = (
				en,
				Base,
			);
			mainGroup = DE32F9B22AB3FF2100E09060;
			productRefGroup = DE32F9BC2AB3FF2100E09060 /* Products */;
			projectDirPath = "";
			projectRoot = "";
			targets = (
				DE32F9BA2AB3FF2100E09060 /* IQAir */,
			);
		};
/* End PBXProject section */

/* Begin PBXResourcesBuildPhase section */
		DE32F9B92AB3FF2100E09060 /* Resources */ = {
			isa = PBXResourcesBuildPhase;
			buildActionMask = 2147483647;
			files = (
				DEA5CD972AB6132B0060FBE6 /* Preview Content in Resources */,
				DE32F9C62AB3FF2200E09060 /* Preview Assets.xcassets in Resources */,
				DEA5CD952AB5EE690060FBE6 /* weatherData.json in Resources */,
				DE32F9C32AB3FF2200E09060 /* Assets.xcassets in Resources */,
			);
			runOnlyForDeploymentPostprocessing = 0;
		};
/* End PBXResourcesBuildPhase section */

/* Begin PBXSourcesBuildPhase section */
		DE32F9B72AB3FF2100E09060 /* Sources */ = {
			isa = PBXSourcesBuildPhase;
			buildActionMask = 2147483647;
			files = (
				DE33F5012AB56FE6002892F4 /* Extensions.swift in Sources */,
				DE33F4F92AB4CEC2002892F4 /* WeatherManager.swift in Sources */,
				DE32F9C12AB3FF2100E09060 /* ContentView.swift in Sources */,
				DE32F9BF2AB3FF2100E09060 /* IQAirApp.swift in Sources */,
				DE32F9CE2AB402C100E09060 /* LocationManager.swift in Sources */,
				DE32F9D32AB4101600E09060 /* LoadingView.swift in Sources */,
				DE33F4FD2AB56C02002892F4 /* ModelData.swift in Sources */,
				DE33F4FB2AB56B3D002892F4 /* WeatherView.swift in Sources */,
				DE32F9D12AB4088200E09060 /* WelcomeView.swift in Sources */,
			);
			runOnlyForDeploymentPostprocessing = 0;
		};
/* End PBXSourcesBuildPhase section */

/* Begin XCBuildConfiguration section */
		DE32F9C72AB3FF2200E09060 /* Debug */ = {
			isa = XCBuildConfiguration;
			buildSettings = {
				ALWAYS_SEARCH_USER_PATHS = NO;
				CLANG_ANALYZER_NONNULL = YES;
				CLANG_ANALYZER_NUMBER_OBJECT_CONVERSION = YES_AGGRESSIVE;
				CLANG_CXX_LANGUAGE_STANDARD = "gnu++20";
				CLANG_ENABLE_MODULES = YES;
				CLANG_ENABLE_OBJC_ARC = YES;
				CLANG_ENABLE_OBJC_WEAK = YES;
				CLANG_WARN_BLOCK_CAPTURE_AUTORELEASING = YES;
				CLANG_WARN_BOOL_CONVERSION = YES;
				CLANG_WARN_COMMA = YES;
				CLANG_WARN_CONSTANT_CONVERSION = YES;
				CLANG_WARN_DEPRECATED_OBJC_IMPLEMENTATIONS = YES;
				CLANG_WARN_DIRECT_OBJC_ISA_USAGE = YES_ERROR;
				CLANG_WARN_DOCUMENTATION_COMMENTS = YES;
				CLANG_WARN_EMPTY_BODY = YES;
				CLANG_WARN_ENUM_CONVERSION = YES;
				CLANG_WARN_INFINITE_RECURSION = YES;
				CLANG_WARN_INT_CONVERSION = YES;
				CLANG_WARN_NON_LITERAL_NULL_CONVERSION = YES;
				CLANG_WARN_OBJC_IMPLICIT_RETAIN_SELF = YES;
				CLANG_WARN_OBJC_LITERAL_CONVERSION = YES;
				CLANG_WARN_OBJC_ROOT_CLASS = YES_ERROR;
				CLANG_WARN_QUOTED_INCLUDE_IN_FRAMEWORK_HEADER = YES;
				CLANG_WARN_RANGE_LOOP_ANALYSIS = YES;
				CLANG_WARN_STRICT_PROTOTYPES = YES;
				CLANG_WARN_SUSPICIOUS_MOVE = YES;
				CLANG_WARN_UNGUARDED_AVAILABILITY = YES_AGGRESSIVE;
				CLANG_WARN_UNREACHABLE_CODE = YES;
				CLANG_WARN__DUPLICATE_METHOD_MATCH = YES;
				COPY_PHASE_STRIP = NO;
				DEBUG_INFORMATION_FORMAT = dwarf;
				ENABLE_STRICT_OBJC_MSGSEND = YES;
				ENABLE_TESTABILITY = YES;
				GCC_C_LANGUAGE_STANDARD = gnu11;
				GCC_DYNAMIC_NO_PIC = NO;
				GCC_NO_COMMON_BLOCKS = YES;
				GCC_OPTIMIZATION_LEVEL = 0;
				GCC_PREPROCESSOR_DEFINITIONS = (
					"DEBUG=1",
					"$(inherited)",
				);
				GCC_WARN_64_TO_32_BIT_CONVERSION = YES;
				GCC_WARN_ABOUT_RETURN_TYPE = YES_ERROR;
				GCC_WARN_UNDECLARED_SELECTOR = YES;
				GCC_WARN_UNINITIALIZED_AUTOS = YES_AGGRESSIVE;
				GCC_WARN_UNUSED_FUNCTION = YES;
				GCC_WARN_UNUSED_VARIABLE = YES;
				IPHONEOS_DEPLOYMENT_TARGET = 16.4;
				MTL_ENABLE_DEBUG_INFO = INCLUDE_SOURCE;
				MTL_FAST_MATH = YES;
				ONLY_ACTIVE_ARCH = YES;
				SDKROOT = iphoneos;
				SWIFT_ACTIVE_COMPILATION_CONDITIONS = DEBUG;
				SWIFT_OPTIMIZATION_LEVEL = "-Onone";
			};
			name = Debug;
		};
		DE32F9C82AB3FF2200E09060 /* Release */ = {
			isa = XCBuildConfiguration;
			buildSettings = {
				ALWAYS_SEARCH_USER_PATHS = NO;
				CLANG_ANALYZER_NONNULL = YES;
				CLANG_ANALYZER_NUMBER_OBJECT_CONVERSION = YES_AGGRESSIVE;
				CLANG_CXX_LANGUAGE_STANDARD = "gnu++20";
				CLANG_ENABLE_MODULES = YES;
				CLANG_ENABLE_OBJC_ARC = YES;
				CLANG_ENABLE_OBJC_WEAK = YES;
				CLANG_WARN_BLOCK_CAPTURE_AUTORELEASING = YES;
				CLANG_WARN_BOOL_CONVERSION = YES;
				CLANG_WARN_COMMA = YES;
				CLANG_WARN_CONSTANT_CONVERSION = YES;
				CLANG_WARN_DEPRECATED_OBJC_IMPLEMENTATIONS = YES;
				CLANG_WARN_DIRECT_OBJC_ISA_USAGE = YES_ERROR;
				CLANG_WARN_DOCUMENTATION_COMMENTS = YES;
				CLANG_WARN_EMPTY_BODY = YES;
				CLANG_WARN_ENUM_CONVERSION = YES;
				CLANG_WARN_INFINITE_RECURSION = YES;
				CLANG_WARN_INT_CONVERSION = YES;
				CLANG_WARN_NON_LITERAL_NULL_CONVERSION = YES;
				CLANG_WARN_OBJC_IMPLICIT_RETAIN_SELF = YES;
				CLANG_WARN_OBJC_LITERAL_CONVERSION = YES;
				CLANG_WARN_OBJC_ROOT_CLASS = YES_ERROR;
				CLANG_WARN_QUOTED_INCLUDE_IN_FRAMEWORK_HEADER = YES;
				CLANG_WARN_RANGE_LOOP_ANALYSIS = YES;
				CLANG_WARN_STRICT_PROTOTYPES = YES;
				CLANG_WARN_SUSPICIOUS_MOVE = YES;
				CLANG_WARN_UNGUARDED_AVAILABILITY = YES_AGGRESSIVE;
				CLANG_WARN_UNREACHABLE_CODE = YES;
				CLANG_WARN__DUPLICATE_METHOD_MATCH = YES;
				COPY_PHASE_STRIP = NO;
				DEBUG_INFORMATION_FORMAT = "dwarf-with-dsym";
				ENABLE_NS_ASSERTIONS = NO;
				ENABLE_STRICT_OBJC_MSGSEND = YES;
				GCC_C_LANGUAGE_STANDARD = gnu11;
				GCC_NO_COMMON_BLOCKS = YES;
				GCC_WARN_64_TO_32_BIT_CONVERSION = YES;
				GCC_WARN_ABOUT_RETURN_TYPE = YES_ERROR;
				GCC_WARN_UNDECLARED_SELECTOR = YES;
				GCC_WARN_UNINITIALIZED_AUTOS = YES_AGGRESSIVE;
				GCC_WARN_UNUSED_FUNCTION = YES;
				GCC_WARN_UNUSED_VARIABLE = YES;
				IPHONEOS_DEPLOYMENT_TARGET = 16.4;
				MTL_ENABLE_DEBUG_INFO = NO;
				MTL_FAST_MATH = YES;
				SDKROOT = iphoneos;
				SWIFT_COMPILATION_MODE = wholemodule;
				SWIFT_OPTIMIZATION_LEVEL = "-O";
				VALIDATE_PRODUCT = YES;
			};
			name = Release;
		};
		DE32F9CA2AB3FF2200E09060 /* Debug */ = {
			isa = XCBuildConfiguration;
			buildSettings = {
				ASSETCATALOG_COMPILER_APPICON_NAME = AppIcon;
				ASSETCATALOG_COMPILER_GLOBAL_ACCENT_COLOR_NAME = AccentColor;
				CODE_SIGN_STYLE = Automatic;
				CURRENT_PROJECT_VERSION = 1;
				DEVELOPMENT_ASSET_PATHS = "\"IQAir/Preview Content\"";
				DEVELOPMENT_TEAM = 75FAQT4Y4N;
				ENABLE_PREVIEWS = YES;
				GENERATE_INFOPLIST_FILE = YES;
				INFOPLIST_KEY_UIApplicationSceneManifest_Generation = YES;
				INFOPLIST_KEY_UIApplicationSupportsIndirectInputEvents = YES;
				INFOPLIST_KEY_UILaunchScreen_Generation = YES;
				INFOPLIST_KEY_UISupportedInterfaceOrientations_iPad = "UIInterfaceOrientationPortrait UIInterfaceOrientationPortraitUpsideDown UIInterfaceOrientationLandscapeLeft UIInterfaceOrientationLandscapeRight";
				INFOPLIST_KEY_UISupportedInterfaceOrientations_iPhone = "UIInterfaceOrientationPortrait UIInterfaceOrientationLandscapeLeft UIInterfaceOrientationLandscapeRight";
				IPHONEOS_DEPLOYMENT_TARGET = 16.4;
				LD_RUNPATH_SEARCH_PATHS = (
					"$(inherited)",
					"@executable_path/Frameworks",
				);
				MARKETING_VERSION = 1.0;
				PRODUCT_BUNDLE_IDENTIFIER = com.akhilmotiramani.IQAir;
				PRODUCT_NAME = "$(TARGET_NAME)";
				SWIFT_EMIT_LOC_STRINGS = YES;
				SWIFT_VERSION = 5.0;
				TARGETED_DEVICE_FAMILY = "1,2";
			};
			name = Debug;
		};
		DE32F9CB2AB3FF2200E09060 /* Release */ = {
			isa = XCBuildConfiguration;
			buildSettings = {
				ASSETCATALOG_COMPILER_APPICON_NAME = AppIcon;
				ASSETCATALOG_COMPILER_GLOBAL_ACCENT_COLOR_NAME = AccentColor;
				CODE_SIGN_STYLE = Automatic;
				CURRENT_PROJECT_VERSION = 1;
				DEVELOPMENT_ASSET_PATHS = "\"IQAir/Preview Content\"";
				DEVELOPMENT_TEAM = 75FAQT4Y4N;
				ENABLE_PREVIEWS = YES;
				GENERATE_INFOPLIST_FILE = YES;
				INFOPLIST_KEY_UIApplicationSceneManifest_Generation = YES;
				INFOPLIST_KEY_UIApplicationSupportsIndirectInputEvents = YES;
				INFOPLIST_KEY_UILaunchScreen_Generation = YES;
				INFOPLIST_KEY_UISupportedInterfaceOrientations_iPad = "UIInterfaceOrientationPortrait UIInterfaceOrientationPortraitUpsideDown UIInterfaceOrientationLandscapeLeft UIInterfaceOrientationLandscapeRight";
				INFOPLIST_KEY_UISupportedInterfaceOrientations_iPhone = "UIInterfaceOrientationPortrait UIInterfaceOrientationLandscapeLeft UIInterfaceOrientationLandscapeRight";
				IPHONEOS_DEPLOYMENT_TARGET = 16.4;
				LD_RUNPATH_SEARCH_PATHS = (
					"$(inherited)",
					"@executable_path/Frameworks",
				);
				MARKETING_VERSION = 1.0;
				PRODUCT_BUNDLE_IDENTIFIER = com.akhilmotiramani.IQAir;
				PRODUCT_NAME = "$(TARGET_NAME)";
				SWIFT_EMIT_LOC_STRINGS = YES;
				SWIFT_VERSION = 5.0;
				TARGETED_DEVICE_FAMILY = "1,2";
			};
			name = Release;
		};
/* End XCBuildConfiguration section */

/* Begin XCConfigurationList section */
		DE32F9B62AB3FF2100E09060 /* Build configuration list for PBXProject "IQAir" */ = {
			isa = XCConfigurationList;
			buildConfigurations = (
				DE32F9C72AB3FF2200E09060 /* Debug */,
				DE32F9C82AB3FF2200E09060 /* Release */,
			);
			defaultConfigurationIsVisible = 0;
			defaultConfigurationName = Release;
		};
		DE32F9C92AB3FF2200E09060 /* Build configuration list for PBXNativeTarget "IQAir" */ = {
			isa = XCConfigurationList;
			buildConfigurations = (
				DE32F9CA2AB3FF2200E09060 /* Debug */,
				DE32F9CB2AB3FF2200E09060 /* Release */,
			);
			defaultConfigurationIsVisible = 0;
			defaultConfigurationName = Release;
		};
/* End XCConfigurationList section */
	};
	rootObject = DE32F9B32AB3FF2100E09060 /* Project object */;
}
